# generated by rye
# use `rye lock` or `rye sync` to update this lockfile
#
# last locked with the following flags:
#   pre: false
#   features: []
#   all-features: false
#   with-sources: false
#   generate-hashes: false
#   universal: false

-e file:.
annotated-types==0.7.0
    # via pydantic
asttokens==2.4.1
    # via stack-data
decorator==5.1.1
    # via ipython
executing==2.1.0
    # via stack-data
ipython==8.28.0
jedi==0.19.1
    # via ipython
matplotlib-inline==0.1.7
    # via ipython
parso==0.8.4
    # via jedi
pexpect==4.9.0
    # via ipython
prompt-toolkit==3.0.48
    # via ipython
ptyprocess==0.7.0
    # via pexpect
pure-eval==0.2.3
    # via stack-data
pydantic==2.9.2
    # via py313
pydantic-core==2.23.4
    # via pydantic
pygments==2.18.0
    # via ipython
six==1.16.0
    # via asttokens
stack-data==0.6.3
    # via ipython
traitlets==5.14.3
    # via ipython
    # via matplotlib-inline
typing-extensions==4.12.2
    # via pydantic
    # via pydantic-core
wcwidth==0.2.13
    # via prompt-toolkit
